
Microsoft Visual Studio Solution File, Format Version 12.00
# Visual Studio 15
Project("{FAE04EC0-301F-11D3-BF4B-00C04F79EFBC}") = "SlingDash_UnityProject", "Assembly-CSharp.csproj", "{A757EE2F-86F8-3B7E-E94C-D6285EE31EBD}"
EndProject
Global
	GlobalSection(SolutionConfigurationPlatforms) = preSolution
		Debug|Any CPU = Debug|Any CPU
		Release|Any CPU = Release|Any CPU
	EndGlobalSection
	GlobalSection(ProjectConfigurationPlatforms) = postSolution
		{A757EE2F-86F8-3B7E-E94C-D6285EE31EBD}.Debug|Any CPU.ActiveCfg = Debug|Any CPU
		{A757EE2F-86F8-3B7E-E94C-D6285EE31EBD}.Debug|Any CPU.Build.0 = Debug|Any CPU
		{A757EE2F-86F8-3B7E-E94C-D6285EE31EBD}.Release|Any CPU.ActiveCfg = Release|Any CPU
		{A757EE2F-86F8-3B7E-E94C-D6285EE31EBD}.Release|Any CPU.Build.0 = Release|Any CPU
	EndGlobalSection
	GlobalSection(SolutionProperties) = preSolution
		HideSolutionNode = FALSE
	EndGlobalSection
EndGlobal
